
Microsoft Visual Studio Solution File, Format Version 12.00
# Visual Studio 15
VisualStudioVersion = 15.0.28307.757
MinimumVisualStudioVersion = 10.0.40219.1
Project("{FAE04EC0-301F-11D3-BF4B-00C04F79EFBC}") = "Model", "Model\Model.csproj", "{02602D36-DD2A-4297-B69C-21F8068C1086}"
EndProject
Project("{FAE04EC0-301F-11D3-BF4B-00C04F79EFBC}") = "VeiwModel", "VeiwModel\VeiwModel.csproj", "{FB5DC092-A5F6-4DBB-ADFC-C8AF7D698BA9}"
EndProject
Project("{FAE04EC0-301F-11D3-BF4B-00C04F79EFBC}") = "Veiw", "Veiw\Veiw.csproj", "{73FDC4D3-D995-4A91-9AFB-55A6681D108F}"
EndProject
Global
	GlobalSection(SolutionConfigurationPlatforms) = preSolution
		Debug|Any CPU = Debug|Any CPU
		Release|Any CPU = Release|Any CPU
	EndGlobalSection
	GlobalSection(ProjectConfigurationPlatforms) = postSolution
		{02602D36-DD2A-4297-B69C-21F8068C1086}.Debug|Any CPU.ActiveCfg = Debug|Any CPU
		{02602D36-DD2A-4297-B69C-21F8068C1086}.Debug|Any CPU.Build.0 = Debug|Any CPU
		{02602D36-DD2A-4297-B69C-21F8068C1086}.Release|Any CPU.ActiveCfg = Release|Any CPU
		{02602D36-DD2A-4297-B69C-21F8068C1086}.Release|Any CPU.Build.0 = Release|Any CPU
		{FB5DC092-A5F6-4DBB-ADFC-C8AF7D698BA9}.Debug|Any CPU.ActiveCfg = Debug|Any CPU
		{FB5DC092-A5F6-4DBB-ADFC-C8AF7D698BA9}.Debug|Any CPU.Build.0 = Debug|Any CPU
		{FB5DC092-A5F6-4DBB-ADFC-C8AF7D698BA9}.Release|Any CPU.ActiveCfg = Release|Any CPU
		{FB5DC092-A5F6-4DBB-ADFC-C8AF7D698BA9}.Release|Any CPU.Build.0 = Release|Any CPU
		{73FDC4D3-D995-4A91-9AFB-55A6681D108F}.Debug|Any CPU.ActiveCfg = Debug|Any CPU
		{73FDC4D3-D995-4A91-9AFB-55A6681D108F}.Debug|Any CPU.Build.0 = Debug|Any CPU
		{73FDC4D3-D995-4A91-9AFB-55A6681D108F}.Release|Any CPU.ActiveCfg = Release|Any CPU
		{73FDC4D3-D995-4A91-9AFB-55A6681D108F}.Release|Any CPU.Build.0 = Release|Any CPU
	EndGlobalSection
	GlobalSection(SolutionProperties) = preSolution
		HideSolutionNode = FALSE
	EndGlobalSection
	GlobalSection(ExtensibilityGlobals) = postSolution
		SolutionGuid = {FEDEA6BD-C16D-4879-89EB-D72F1283DA7B}
	EndGlobalSection
EndGlobal
